
Microsoft Visual Studio Solution File, Format Version 12.00
# Visual Studio Version 17
VisualStudioVersion = 17.3.32901.215
MinimumVisualStudioVersion = 10.0.40219.1
Project("{FAE04EC0-301F-11D3-BF4B-00C04F79EFBC}") = "UsingDependencyInjection", "UsingDependencyInjection\UsingDependencyInjection.csproj", "{8C890C33-80D1-447E-B738-4BFD8AEFC2BA}"
EndProject
Global
	GlobalSection(SolutionConfigurationPlatforms) = preSolution
		Debug|Any CPU = Debug|Any CPU
		Release|Any CPU = Release|Any CPU
	EndGlobalSection
	GlobalSection(ProjectConfigurationPlatforms) = postSolution
		{8C890C33-80D1-447E-B738-4BFD8AEFC2BA}.Debug|Any CPU.ActiveCfg = Debug|Any CPU
		{8C890C33-80D1-447E-B738-4BFD8AEFC2BA}.Debug|Any CPU.Build.0 = Debug|Any CPU
		{8C890C33-80D1-447E-B738-4BFD8AEFC2BA}.Release|Any CPU.ActiveCfg = Release|Any CPU
		{8C890C33-80D1-447E-B738-4BFD8AEFC2BA}.Release|Any CPU.Build.0 = Release|Any CPU
	EndGlobalSection
	GlobalSection(SolutionProperties) = preSolution
		HideSolutionNode = FALSE
	EndGlobalSection
	GlobalSection(ExtensibilityGlobals) = postSolution
		SolutionGuid = {6ADEBFE6-678B-4B35-8FFB-0776F11FEBF6}
	EndGlobalSection
EndGlobal
